// !$*UTF8*$!
{
	archiveVersion = 1;
	classes = {
	};
	objectVersion = 50;
	objects = {

/* Begin PBXBuildFile section */
		4209B17C214A1851002E2A48 /* ViewControllerNote.swift in Sources */ = {isa = PBXBuildFile; fileRef = 4209B17B214A1851002E2A48 /* ViewControllerNote.swift */; };
		425329BA2149085A0095D496 /* AppDelegate.swift in Sources */ = {isa = PBXBuildFile; fileRef = 425329B92149085A0095D496 /* AppDelegate.swift */; };
		425329BF2149085A0095D496 /* Main.storyboard in Resources */ = {isa = PBXBuildFile; fileRef = 425329BD2149085A0095D496 /* Main.storyboard */; };
		425329C22149085A0095D496 /* noteUsingCoreData.xcdatamodeld in Sources */ = {isa = PBXBuildFile; fileRef = 425329C02149085A0095D496 /* noteUsingCoreData.xcdatamodeld */; };
		425329C42149085C0095D496 /* Assets.xcassets in Resources */ = {isa = PBXBuildFile; fileRef = 425329C32149085C0095D496 /* Assets.xcassets */; };
		425329C72149085C0095D496 /* LaunchScreen.storyboard in Resources */ = {isa = PBXBuildFile; fileRef = 425329C52149085C0095D496 /* LaunchScreen.storyboard */; };
		425329CF214908B90095D496 /* tableTableViewController.swift in Sources */ = {isa = PBXBuildFile; fileRef = 425329CE214908B90095D496 /* tableTableViewController.swift */; };
		425329D121490A990095D496 /* CellFolder.swift in Sources */ = {isa = PBXBuildFile; fileRef = 425329D021490A990095D496 /* CellFolder.swift */; };
		425329D421490EE20095D496 /* Folder+CoreDataClass.swift in Sources */ = {isa = PBXBuildFile; fileRef = 425329D221490EE20095D496 /* Folder+CoreDataClass.swift */; };
		425329D521490EE20095D496 /* Folder+CoreDataProperties.swift in Sources */ = {isa = PBXBuildFile; fileRef = 425329D321490EE20095D496 /* Folder+CoreDataProperties.swift */; };
		429E6BC9214A402C007C1FCC /* Note+CoreDataClass.swift in Sources */ = {isa = PBXBuildFile; fileRef = 429E6BC7214A402C007C1FCC /* Note+CoreDataClass.swift */; };
		429E6BCA214A402C007C1FCC /* Note+CoreDataProperties.swift in Sources */ = {isa = PBXBuildFile; fileRef = 429E6BC8214A402C007C1FCC /* Note+CoreDataProperties.swift */; };
		429E6BCC214A5866007C1FCC /* CellNote.swift in Sources */ = {isa = PBXBuildFile; fileRef = 429E6BCB214A5866007C1FCC /* CellNote.swift */; };
		429E6BCE214A776A007C1FCC /* ContentVC.swift in Sources */ = {isa = PBXBuildFile; fileRef = 429E6BCD214A776A007C1FCC /* ContentVC.swift */; };
/* End PBXBuildFile section */

/* Begin PBXFileReference section */
		4209B17B214A1851002E2A48 /* ViewControllerNote.swift */ = {isa = PBXFileReference; lastKnownFileType = sourcecode.swift; path = ViewControllerNote.swift; sourceTree = "<group>"; };
		425329B62149085A0095D496 /* noteUsingCoreData.app */ = {isa = PBXFileReference; explicitFileType = wrapper.application; includeInIndex = 0; path = noteUsingCoreData.app; sourceTree = BUILT_PRODUCTS_DIR; };
		425329B92149085A0095D496 /* AppDelegate.swift */ = {isa = PBXFileReference; lastKnownFileType = sourcecode.swift; path = AppDelegate.swift; sourceTree = "<group>"; };
		425329BE2149085A0095D496 /* Base */ = {isa = PBXFileReference; lastKnownFileType = file.storyboard; name = Base; path = Base.lproj/Main.storyboard; sourceTree = "<group>"; };
		425329C12149085A0095D496 /* noteUsingCoreData.xcdatamodel */ = {isa = PBXFileReference; lastKnownFileType = wrapper.xcdatamodel; path = noteUsingCoreData.xcdatamodel; sourceTree = "<group>"; };
		425329C32149085C0095D496 /* Assets.xcassets */ = {isa = PBXFileReference; lastKnownFileType = folder.assetcatalog; path = Assets.xcassets; sourceTree = "<group>"; };
		425329C62149085C0095D496 /* Base */ = {isa = PBXFileReference; lastKnownFileType = file.storyboard; name = Base; path = Base.lproj/LaunchScreen.storyboard; sourceTree = "<group>"; };
		425329C82149085C0095D496 /* Info.plist */ = {isa = PBXFileReference; lastKnownFileType = text.plist.xml; path = Info.plist; sourceTree = "<group>"; };
		425329CE214908B90095D496 /* tableTableViewController.swift */ = {isa = PBXFileReference; lastKnownFileType = sourcecode.swift; path = tableTableViewController.swift; sourceTree = "<group>"; };
		425329D021490A990095D496 /* CellFolder.swift */ = {isa = PBXFileReference; lastKnownFileType = sourcecode.swift; path = CellFolder.swift; sourceTree = "<group>"; };
		425329D221490EE20095D496 /* Folder+CoreDataClass.swift */ = {isa = PBXFileReference; lastKnownFileType = sourcecode.swift; path = "Folder+CoreDataClass.swift"; sourceTree = "<group>"; };
		425329D321490EE20095D496 /* Folder+CoreDataProperties.swift */ = {isa = PBXFileReference; lastKnownFileType = sourcecode.swift; path = "Folder+CoreDataProperties.swift"; sourceTree = "<group>"; };
		429E6BC7214A402C007C1FCC /* Note+CoreDataClass.swift */ = {isa = PBXFileReference; lastKnownFileType = sourcecode.swift; path = "Note+CoreDataClass.swift"; sourceTree = "<group>"; };
		429E6BC8214A402C007C1FCC /* Note+CoreDataProperties.swift */ = {isa = PBXFileReference; lastKnownFileType = sourcecode.swift; path = "Note+CoreDataProperties.swift"; sourceTree = "<group>"; };
		429E6BCB214A5866007C1FCC /* CellNote.swift */ = {isa = PBXFileReference; lastKnownFileType = sourcecode.swift; path = CellNote.swift; sourceTree = "<group>"; };
		429E6BCD214A776A007C1FCC /* ContentVC.swift */ = {isa = PBXFileReference; lastKnownFileType = sourcecode.swift; path = ContentVC.swift; sourceTree = "<group>"; };
/* End PBXFileReference section */

/* Begin PBXFrameworksBuildPhase section */
		425329B32149085A0095D496 /* Frameworks */ = {
			isa = PBXFrameworksBuildPhase;
			buildActionMask = 2147483647;
			files = (
			);
			runOnlyForDeploymentPostprocessing = 0;
		};
/* End PBXFrameworksBuildPhase section */

/* Begin PBXGroup section */
		425329AD2149085A0095D496 = {
			isa = PBXGroup;
			children = (
				429E6BC7214A402C007C1FCC /* Note+CoreDataClass.swift */,
				429E6BC8214A402C007C1FCC /* Note+CoreDataProperties.swift */,
				425329D221490EE20095D496 /* Folder+CoreDataClass.swift */,
				425329D321490EE20095D496 /* Folder+CoreDataProperties.swift */,
				425329B82149085A0095D496 /* noteUsingCoreData */,
				425329B72149085A0095D496 /* Products */,
			);
			sourceTree = "<group>";
		};
		425329B72149085A0095D496 /* Products */ = {
			isa = PBXGroup;
			children = (
				425329B62149085A0095D496 /* noteUsingCoreData.app */,
			);
			name = Products;
			sourceTree = "<group>";
		};
		425329B82149085A0095D496 /* noteUsingCoreData */ = {
			isa = PBXGroup;
			children = (
				425329B92149085A0095D496 /* AppDelegate.swift */,
				425329BD2149085A0095D496 /* Main.storyboard */,
				4209B17B214A1851002E2A48 /* ViewControllerNote.swift */,
				425329CE214908B90095D496 /* tableTableViewController.swift */,
				429E6BCB214A5866007C1FCC /* CellNote.swift */,
				429E6BCD214A776A007C1FCC /* ContentVC.swift */,
				425329D021490A990095D496 /* CellFolder.swift */,
				425329C32149085C0095D496 /* Assets.xcassets */,
				425329C52149085C0095D496 /* LaunchScreen.storyboard */,
				425329C82149085C0095D496 /* Info.plist */,
				425329C02149085A0095D496 /* noteUsingCoreData.xcdatamodeld */,
			);
			path = noteUsingCoreData;
			sourceTree = "<group>";
		};
/* End PBXGroup section */

/* Begin PBXNativeTarget section */
		425329B52149085A0095D496 /* noteUsingCoreData */ = {
			isa = PBXNativeTarget;
			buildConfigurationList = 425329CB2149085C0095D496 /* Build configuration list for PBXNativeTarget "noteUsingCoreData" */;
			buildPhases = (
				425329B22149085A0095D496 /* Sources */,
				425329B32149085A0095D496 /* Frameworks */,
				425329B42149085A0095D496 /* Resources */,
			);
			buildRules = (
			);
			dependencies = (
			);
			name = noteUsingCoreData;
			productName = noteUsingCoreData;
			productReference = 425329B62149085A0095D496 /* noteUsingCoreData.app */;
			productType = "com.apple.product-type.application";
		};
/* End PBXNativeTarget section */

/* Begin PBXProject section */
		425329AE2149085A0095D496 /* Project object */ = {
			isa = PBXProject;
			attributes = {
				LastSwiftUpdateCheck = 0940;
				LastUpgradeCheck = 0940;
				ORGANIZATIONNAME = iAnh;
				TargetAttributes = {
					425329B52149085A0095D496 = {
						CreatedOnToolsVersion = 9.4.1;
					};
				};
			};
			buildConfigurationList = 425329B12149085A0095D496 /* Build configuration list for PBXProject "noteUsingCoreData" */;
			compatibilityVersion = "Xcode 9.3";
			developmentRegion = en;
			hasScannedForEncodings = 0;
			knownRegions = (
				en,
				Base,
			);
			mainGroup = 425329AD2149085A0095D496;
			productRefGroup = 425329B72149085A0095D496 /* Products */;
			projectDirPath = "";
			projectRoot = "";
			targets = (
				425329B52149085A0095D496 /* noteUsingCoreData */,
			);
		};
/* End PBXProject section */

/* Begin PBXResourcesBuildPhase section */
		425329B42149085A0095D496 /* Resources */ = {
			isa = PBXResourcesBuildPhase;
			buildActionMask = 2147483647;
			files = (
				425329C72149085C0095D496 /* LaunchScreen.storyboard in Resources */,
				425329C42149085C0095D496 /* Assets.xcassets in Resources */,
				425329BF2149085A0095D496 /* Main.storyboard in Resources */,
			);
			runOnlyForDeploymentPostprocessing = 0;
		};
/* End PBXResourcesBuildPhase section */

/* Begin PBXSourcesBuildPhase section */
		425329B22149085A0095D496 /* Sources */ = {
			isa = PBXSourcesBuildPhase;
			buildActionMask = 2147483647;
			files = (
				4209B17C214A1851002E2A48 /* ViewControllerNote.swift in Sources */,
				425329CF214908B90095D496 /* tableTableViewController.swift in Sources */,
				429E6BCE214A776A007C1FCC /* ContentVC.swift in Sources */,
				425329D521490EE20095D496 /* Folder+CoreDataProperties.swift in Sources */,
				429E6BCC214A5866007C1FCC /* CellNote.swift in Sources */,
				425329D121490A990095D496 /* CellFolder.swift in Sources */,
				425329D421490EE20095D496 /* Folder+CoreDataClass.swift in Sources */,
				429E6BC9214A402C007C1FCC /* Note+CoreDataClass.swift in Sources */,
				425329C22149085A0095D496 /* noteUsingCoreData.xcdatamodeld in Sources */,
				425329BA2149085A0095D496 /* AppDelegate.swift in Sources */,
				429E6BCA214A402C007C1FCC /* Note+CoreDataProperties.swift in Sources */,
			);
			runOnlyForDeploymentPostprocessing = 0;
		};
/* End PBXSourcesBuildPhase section */

/* Begin PBXVariantGroup section */
		425329BD2149085A0095D496 /* Main.storyboard */ = {
			isa = PBXVariantGroup;
			children = (
				425329BE2149085A0095D496 /* Base */,
			);
			name = Main.storyboard;
			sourceTree = "<group>";
		};
		425329C52149085C0095D496 /* LaunchScreen.storyboard */ = {
			isa = PBXVariantGroup;
			children = (
				425329C62149085C0095D496 /* Base */,
			);
			name = LaunchScreen.storyboard;
			sourceTree = "<group>";
		};
/* End PBXVariantGroup section */

/* Begin XCBuildConfiguration section */
		425329C92149085C0095D496 /* Debug */ = {
			isa = XCBuildConfiguration;
			buildSettings = {
				ALWAYS_SEARCH_USER_PATHS = NO;
				CLANG_ANALYZER_NONNULL = YES;
				CLANG_ANALYZER_NUMBER_OBJECT_CONVERSION = YES_AGGRESSIVE;
				CLANG_CXX_LANGUAGE_STANDARD = "gnu++14";
				CLANG_CXX_LIBRARY = "libc++";
				CLANG_ENABLE_MODULES = YES;
				CLANG_ENABLE_OBJC_ARC = YES;
				CLANG_ENABLE_OBJC_WEAK = YES;
				CLANG_WARN_BLOCK_CAPTURE_AUTORELEASING = YES;
				CLANG_WARN_BOOL_CONVERSION = YES;
				CLANG_WARN_COMMA = YES;
				CLANG_WARN_CONSTANT_CONVERSION = YES;
				CLANG_WARN_DEPRECATED_OBJC_IMPLEMENTATIONS = YES;
				CLANG_WARN_DIRECT_OBJC_ISA_USAGE = YES_ERROR;
				CLANG_WARN_DOCUMENTATION_COMMENTS = YES;
				CLANG_WARN_EMPTY_BODY = YES;
				CLANG_WARN_ENUM_CONVERSION = YES;
				CLANG_WARN_INFINITE_RECURSION = YES;
				CLANG_WARN_INT_CONVERSION = YES;
				CLANG_WARN_NON_LITERAL_NULL_CONVERSION = YES;
				CLANG_WARN_OBJC_IMPLICIT_RETAIN_SELF = YES;
				CLANG_WARN_OBJC_LITERAL_CONVERSION = YES;
				CLANG_WARN_OBJC_ROOT_CLASS = YES_ERROR;
				CLANG_WARN_RANGE_LOOP_ANALYSIS = YES;
				CLANG_WARN_STRICT_PROTOTYPES = YES;
				CLANG_WARN_SUSPICIOUS_MOVE = YES;
				CLANG_WARN_UNGUARDED_AVAILABILITY = YES_AGGRESSIVE;
				CLANG_WARN_UNREACHABLE_CODE = YES;
				CLANG_WARN__DUPLICATE_METHOD_MATCH = YES;
				CODE_SIGN_IDENTITY = "iPhone Developer";
				COPY_PHASE_STRIP = NO;
				DEBUG_INFORMATION_FORMAT = dwarf;
				ENABLE_STRICT_OBJC_MSGSEND = YES;
				ENABLE_TESTABILITY = YES;
				GCC_C_LANGUAGE_STANDARD = gnu11;
				GCC_DYNAMIC_NO_PIC = NO;
				GCC_NO_COMMON_BLOCKS = YES;
				GCC_OPTIMIZATION_LEVEL = 0;
				GCC_PREPROCESSOR_DEFINITIONS = (
					"DEBUG=1",
					"$(inherited)",
				);
				GCC_WARN_64_TO_32_BIT_CONVERSION = YES;
				GCC_WARN_ABOUT_RETURN_TYPE = YES_ERROR;
				GCC_WARN_UNDECLARED_SELECTOR = YES;
				GCC_WARN_UNINITIALIZED_AUTOS = YES_AGGRESSIVE;
				GCC_WARN_UNUSED_FUNCTION = YES;
				GCC_WARN_UNUSED_VARIABLE = YES;
				IPHONEOS_DEPLOYMENT_TARGET = 11.4;
				MTL_ENABLE_DEBUG_INFO = YES;
				ONLY_ACTIVE_ARCH = YES;
				SDKROOT = iphoneos;
				SWIFT_ACTIVE_COMPILATION_CONDITIONS = DEBUG;
				SWIFT_OPTIMIZATION_LEVEL = "-Onone";
			};
			name = Debug;
		};
		425329CA2149085C0095D496 /* Release */ = {
			isa = XCBuildConfiguration;
			buildSettings = {
				ALWAYS_SEARCH_USER_PATHS = NO;
				CLANG_ANALYZER_NONNULL = YES;
				CLANG_ANALYZER_NUMBER_OBJECT_CONVERSION = YES_AGGRESSIVE;
				CLANG_CXX_LANGUAGE_STANDARD = "gnu++14";
				CLANG_CXX_LIBRARY = "libc++";
				CLANG_ENABLE_MODULES = YES;
				CLANG_ENABLE_OBJC_ARC = YES;
				CLANG_ENABLE_OBJC_WEAK = YES;
				CLANG_WARN_BLOCK_CAPTURE_AUTORELEASING = YES;
				CLANG_WARN_BOOL_CONVERSION = YES;
				CLANG_WARN_COMMA = YES;
				CLANG_WARN_CONSTANT_CONVERSION = YES;
				CLANG_WARN_DEPRECATED_OBJC_IMPLEMENTATIONS = YES;
				CLANG_WARN_DIRECT_OBJC_ISA_USAGE = YES_ERROR;
				CLANG_WARN_DOCUMENTATION_COMMENTS = YES;
				CLANG_WARN_EMPTY_BODY = YES;
				CLANG_WARN_ENUM_CONVERSION = YES;
				CLANG_WARN_INFINITE_RECURSION = YES;
				CLANG_WARN_INT_CONVERSION = YES;
				CLANG_WARN_NON_LITERAL_NULL_CONVERSION = YES;
				CLANG_WARN_OBJC_IMPLICIT_RETAIN_SELF = YES;
				CLANG_WARN_OBJC_LITERAL_CONVERSION = YES;
				CLANG_WARN_OBJC_ROOT_CLASS = YES_ERROR;
				CLANG_WARN_RANGE_LOOP_ANALYSIS = YES;
				CLANG_WARN_STRICT_PROTOTYPES = YES;
				CLANG_WARN_SUSPICIOUS_MOVE = YES;
				CLANG_WARN_UNGUARDED_AVAILABILITY = YES_AGGRESSIVE;
				CLANG_WARN_UNREACHABLE_CODE = YES;
				CLANG_WARN__DUPLICATE_METHOD_MATCH = YES;
				CODE_SIGN_IDENTITY = "iPhone Developer";
				COPY_PHASE_STRIP = NO;
				DEBUG_INFORMATION_FORMAT = "dwarf-with-dsym";
				ENABLE_NS_ASSERTIONS = NO;
				ENABLE_STRICT_OBJC_MSGSEND = YES;
				GCC_C_LANGUAGE_STANDARD = gnu11;
				GCC_NO_COMMON_BLOCKS = YES;
				GCC_WARN_64_TO_32_BIT_CONVERSION = YES;
				GCC_WARN_ABOUT_RETURN_TYPE = YES_ERROR;
				GCC_WARN_UNDECLARED_SELECTOR = YES;
				GCC_WARN_UNINITIALIZED_AUTOS = YES_AGGRESSIVE;
				GCC_WARN_UNUSED_FUNCTION = YES;
				GCC_WARN_UNUSED_VARIABLE = YES;
				IPHONEOS_DEPLOYMENT_TARGET = 11.4;
				MTL_ENABLE_DEBUG_INFO = NO;
				SDKROOT = iphoneos;
				SWIFT_COMPILATION_MODE = wholemodule;
				SWIFT_OPTIMIZATION_LEVEL = "-O";
				VALIDATE_PRODUCT = YES;
			};
			name = Release;
		};
		425329CC2149085C0095D496 /* Debug */ = {
			isa = XCBuildConfiguration;
			buildSettings = {
				ASSETCATALOG_COMPILER_APPICON_NAME = AppIcon;
				CODE_SIGN_STYLE = Automatic;
				DEVELOPMENT_TEAM = 5NBUV2UMN5;
				INFOPLIST_FILE = noteUsingCoreData/Info.plist;
				LD_RUNPATH_SEARCH_PATHS = (
					"$(inherited)",
					"@executable_path/Frameworks",
				);
				PRODUCT_BUNDLE_IDENTIFIER = exam.noteUsingCoreData;
				PRODUCT_NAME = "$(TARGET_NAME)";
				SWIFT_VERSION = 4.0;
				TARGETED_DEVICE_FAMILY = "1,2";
			};
			name = Debug;
		};
		425329CD2149085C0095D496 /* Release */ = {
			isa = XCBuildConfiguration;
			buildSettings = {
				ASSETCATALOG_COMPILER_APPICON_NAME = AppIcon;
				CODE_SIGN_STYLE = Automatic;
				DEVELOPMENT_TEAM = 5NBUV2UMN5;
				INFOPLIST_FILE = noteUsingCoreData/Info.plist;
				LD_RUNPATH_SEARCH_PATHS = (
					"$(inherited)",
					"@executable_path/Frameworks",
				);
				PRODUCT_BUNDLE_IDENTIFIER = exam.noteUsingCoreData;
				PRODUCT_NAME = "$(TARGET_NAME)";
				SWIFT_VERSION = 4.0;
				TARGETED_DEVICE_FAMILY = "1,2";
			};
			name = Release;
		};
/* End XCBuildConfiguration section */

/* Begin XCConfigurationList section */
		425329B12149085A0095D496 /* Build configuration list for PBXProject "noteUsingCoreData" */ = {
			isa = XCConfigurationList;
			buildConfigurations = (
				425329C92149085C0095D496 /* Debug */,
				425329CA2149085C0095D496 /* Release */,
			);
			defaultConfigurationIsVisible = 0;
			defaultConfigurationName = Release;
		};
		425329CB2149085C0095D496 /* Build configuration list for PBXNativeTarget "noteUsingCoreData" */ = {
			isa = XCConfigurationList;
			buildConfigurations = (
				425329CC2149085C0095D496 /* Debug */,
				425329CD2149085C0095D496 /* Release */,
			);
			defaultConfigurationIsVisible = 0;
			defaultConfigurationName = Release;
		};
/* End XCConfigurationList section */

/* Begin XCVersionGroup section */
		425329C02149085A0095D496 /* noteUsingCoreData.xcdatamodeld */ = {
			isa = XCVersionGroup;
			children = (
				425329C12149085A0095D496 /* noteUsingCoreData.xcdatamodel */,
			);
			currentVersion = 425329C12149085A0095D496 /* noteUsingCoreData.xcdatamodel */;
			path = noteUsingCoreData.xcdatamodeld;
			sourceTree = "<group>";
			versionGroupType = wrapper.xcdatamodel;
		};
/* End XCVersionGroup section */
	};
	rootObject = 425329AE2149085A0095D496 /* Project object */;
}
