// !$*UTF8*$!
{
	archiveVersion = 1;
	classes = {
	};
	objectVersion = 50;
	objects = {

/* Begin PBXBuildFile section */
		423FF8C32101B83900BE1B49 /* AppDelegate.swift in Sources */ = {isa = PBXBuildFile; fileRef = 423FF8C22101B83900BE1B49 /* AppDelegate.swift */; };
		423FF8C52101B83900BE1B49 /* ViewController.swift in Sources */ = {isa = PBXBuildFile; fileRef = 423FF8C42101B83900BE1B49 /* ViewController.swift */; };
		423FF8C82101B83900BE1B49 /* Main.storyboard in Resources */ = {isa = PBXBuildFile; fileRef = 423FF8C62101B83900BE1B49 /* Main.storyboard */; };
		423FF8CA2101B83A00BE1B49 /* Assets.xcassets in Resources */ = {isa = PBXBuildFile; fileRef = 423FF8C92101B83A00BE1B49 /* Assets.xcassets */; };
		423FF8CD2101B83A00BE1B49 /* LaunchScreen.storyboard in Resources */ = {isa = PBXBuildFile; fileRef = 423FF8CB2101B83A00BE1B49 /* LaunchScreen.storyboard */; };
		423FF8D72101BC0C00BE1B49 /* MyCustomCell.swift in Sources */ = {isa = PBXBuildFile; fileRef = 423FF8D62101BC0C00BE1B49 /* MyCustomCell.swift */; };
/* End PBXBuildFile section */

/* Begin PBXFileReference section */
		423FF8BF2101B83900BE1B49 /* demotableview2.app */ = {isa = PBXFileReference; explicitFileType = wrapper.application; includeInIndex = 0; path = demotableview2.app; sourceTree = BUILT_PRODUCTS_DIR; };
		423FF8C22101B83900BE1B49 /* AppDelegate.swift */ = {isa = PBXFileReference; lastKnownFileType = sourcecode.swift; path = AppDelegate.swift; sourceTree = "<group>"; };
		423FF8C42101B83900BE1B49 /* ViewController.swift */ = {isa = PBXFileReference; lastKnownFileType = sourcecode.swift; path = ViewController.swift; sourceTree = "<group>"; };
		423FF8C72101B83900BE1B49 /* Base */ = {isa = PBXFileReference; lastKnownFileType = file.storyboard; name = Base; path = Base.lproj/Main.storyboard; sourceTree = "<group>"; };
		423FF8C92101B83A00BE1B49 /* Assets.xcassets */ = {isa = PBXFileReference; lastKnownFileType = folder.assetcatalog; path = Assets.xcassets; sourceTree = "<group>"; };
		423FF8CC2101B83A00BE1B49 /* Base */ = {isa = PBXFileReference; lastKnownFileType = file.storyboard; name = Base; path = Base.lproj/LaunchScreen.storyboard; sourceTree = "<group>"; };
		423FF8CE2101B83A00BE1B49 /* Info.plist */ = {isa = PBXFileReference; lastKnownFileType = text.plist.xml; path = Info.plist; sourceTree = "<group>"; };
		423FF8D62101BC0C00BE1B49 /* MyCustomCell.swift */ = {isa = PBXFileReference; lastKnownFileType = sourcecode.swift; path = MyCustomCell.swift; sourceTree = "<group>"; };
/* End PBXFileReference section */

/* Begin PBXFrameworksBuildPhase section */
		423FF8BC2101B83900BE1B49 /* Frameworks */ = {
			isa = PBXFrameworksBuildPhase;
			buildActionMask = 2147483647;
			files = (
			);
			runOnlyForDeploymentPostprocessing = 0;
		};
/* End PBXFrameworksBuildPhase section */

/* Begin PBXGroup section */
		423FF8B62101B83900BE1B49 = {
			isa = PBXGroup;
			children = (
				423FF8C12101B83900BE1B49 /* demotableview2 */,
				423FF8C02101B83900BE1B49 /* Products */,
			);
			sourceTree = "<group>";
		};
		423FF8C02101B83900BE1B49 /* Products */ = {
			isa = PBXGroup;
			children = (
				423FF8BF2101B83900BE1B49 /* demotableview2.app */,
			);
			name = Products;
			sourceTree = "<group>";
		};
		423FF8C12101B83900BE1B49 /* demotableview2 */ = {
			isa = PBXGroup;
			children = (
				423FF8C22101B83900BE1B49 /* AppDelegate.swift */,
				423FF8C42101B83900BE1B49 /* ViewController.swift */,
				423FF8C62101B83900BE1B49 /* Main.storyboard */,
				423FF8C92101B83A00BE1B49 /* Assets.xcassets */,
				423FF8CB2101B83A00BE1B49 /* LaunchScreen.storyboard */,
				423FF8CE2101B83A00BE1B49 /* Info.plist */,
				423FF8D62101BC0C00BE1B49 /* MyCustomCell.swift */,
			);
			path = demotableview2;
			sourceTree = "<group>";
		};
/* End PBXGroup section */

/* Begin PBXNativeTarget section */
		423FF8BE2101B83900BE1B49 /* demotableview2 */ = {
			isa = PBXNativeTarget;
			buildConfigurationList = 423FF8D12101B83A00BE1B49 /* Build configuration list for PBXNativeTarget "demotableview2" */;
			buildPhases = (
				423FF8BB2101B83900BE1B49 /* Sources */,
				423FF8BC2101B83900BE1B49 /* Frameworks */,
				423FF8BD2101B83900BE1B49 /* Resources */,
			);
			buildRules = (
			);
			dependencies = (
			);
			name = demotableview2;
			productName = demotableview2;
			productReference = 423FF8BF2101B83900BE1B49 /* demotableview2.app */;
			productType = "com.apple.product-type.application";
		};
/* End PBXNativeTarget section */

/* Begin PBXProject section */
		423FF8B72101B83900BE1B49 /* Project object */ = {
			isa = PBXProject;
			attributes = {
				LastSwiftUpdateCheck = 0940;
				LastUpgradeCheck = 0940;
				ORGANIZATIONNAME = iAnh;
				TargetAttributes = {
					423FF8BE2101B83900BE1B49 = {
						CreatedOnToolsVersion = 9.4.1;
					};
				};
			};
			buildConfigurationList = 423FF8BA2101B83900BE1B49 /* Build configuration list for PBXProject "demotableview2" */;
			compatibilityVersion = "Xcode 9.3";
			developmentRegion = en;
			hasScannedForEncodings = 0;
			knownRegions = (
				en,
				Base,
			);
			mainGroup = 423FF8B62101B83900BE1B49;
			productRefGroup = 423FF8C02101B83900BE1B49 /* Products */;
			projectDirPath = "";
			projectRoot = "";
			targets = (
				423FF8BE2101B83900BE1B49 /* demotableview2 */,
			);
		};
/* End PBXProject section */

/* Begin PBXResourcesBuildPhase section */
		423FF8BD2101B83900BE1B49 /* Resources */ = {
			isa = PBXResourcesBuildPhase;
			buildActionMask = 2147483647;
			files = (
				423FF8CD2101B83A00BE1B49 /* LaunchScreen.storyboard in Resources */,
				423FF8CA2101B83A00BE1B49 /* Assets.xcassets in Resources */,
				423FF8C82101B83900BE1B49 /* Main.storyboard in Resources */,
			);
			runOnlyForDeploymentPostprocessing = 0;
		};
/* End PBXResourcesBuildPhase section */

/* Begin PBXSourcesBuildPhase section */
		423FF8BB2101B83900BE1B49 /* Sources */ = {
			isa = PBXSourcesBuildPhase;
			buildActionMask = 2147483647;
			files = (
				423FF8D72101BC0C00BE1B49 /* MyCustomCell.swift in Sources */,
				423FF8C52101B83900BE1B49 /* ViewController.swift in Sources */,
				423FF8C32101B83900BE1B49 /* AppDelegate.swift in Sources */,
			);
			runOnlyForDeploymentPostprocessing = 0;
		};
/* End PBXSourcesBuildPhase section */

/* Begin PBXVariantGroup section */
		423FF8C62101B83900BE1B49 /* Main.storyboard */ = {
			isa = PBXVariantGroup;
			children = (
				423FF8C72101B83900BE1B49 /* Base */,
			);
			name = Main.storyboard;
			sourceTree = "<group>";
		};
		423FF8CB2101B83A00BE1B49 /* LaunchScreen.storyboard */ = {
			isa = PBXVariantGroup;
			children = (
				423FF8CC2101B83A00BE1B49 /* Base */,
			);
			name = LaunchScreen.storyboard;
			sourceTree = "<group>";
		};
/* End PBXVariantGroup section */

/* Begin XCBuildConfiguration section */
		423FF8CF2101B83A00BE1B49 /* Debug */ = {
			isa = XCBuildConfiguration;
			buildSettings = {
				ALWAYS_SEARCH_USER_PATHS = NO;
				CLANG_ANALYZER_NONNULL = YES;
				CLANG_ANALYZER_NUMBER_OBJECT_CONVERSION = YES_AGGRESSIVE;
				CLANG_CXX_LANGUAGE_STANDARD = "gnu++14";
				CLANG_CXX_LIBRARY = "libc++";
				CLANG_ENABLE_MODULES = YES;
				CLANG_ENABLE_OBJC_ARC = YES;
				CLANG_ENABLE_OBJC_WEAK = YES;
				CLANG_WARN_BLOCK_CAPTURE_AUTORELEASING = YES;
				CLANG_WARN_BOOL_CONVERSION = YES;
				CLANG_WARN_COMMA = YES;
				CLANG_WARN_CONSTANT_CONVERSION = YES;
				CLANG_WARN_DEPRECATED_OBJC_IMPLEMENTATIONS = YES;
				CLANG_WARN_DIRECT_OBJC_ISA_USAGE = YES_ERROR;
				CLANG_WARN_DOCUMENTATION_COMMENTS = YES;
				CLANG_WARN_EMPTY_BODY = YES;
				CLANG_WARN_ENUM_CONVERSION = YES;
				CLANG_WARN_INFINITE_RECURSION = YES;
				CLANG_WARN_INT_CONVERSION = YES;
				CLANG_WARN_NON_LITERAL_NULL_CONVERSION = YES;
				CLANG_WARN_OBJC_IMPLICIT_RETAIN_SELF = YES;
				CLANG_WARN_OBJC_LITERAL_CONVERSION = YES;
				CLANG_WARN_OBJC_ROOT_CLASS = YES_ERROR;
				CLANG_WARN_RANGE_LOOP_ANALYSIS = YES;
				CLANG_WARN_STRICT_PROTOTYPES = YES;
				CLANG_WARN_SUSPICIOUS_MOVE = YES;
				CLANG_WARN_UNGUARDED_AVAILABILITY = YES_AGGRESSIVE;
				CLANG_WARN_UNREACHABLE_CODE = YES;
				CLANG_WARN__DUPLICATE_METHOD_MATCH = YES;
				CODE_SIGN_IDENTITY = "iPhone Developer";
				COPY_PHASE_STRIP = NO;
				DEBUG_INFORMATION_FORMAT = dwarf;
				ENABLE_STRICT_OBJC_MSGSEND = YES;
				ENABLE_TESTABILITY = YES;
				GCC_C_LANGUAGE_STANDARD = gnu11;
				GCC_DYNAMIC_NO_PIC = NO;
				GCC_NO_COMMON_BLOCKS = YES;
				GCC_OPTIMIZATION_LEVEL = 0;
				GCC_PREPROCESSOR_DEFINITIONS = (
					"DEBUG=1",
					"$(inherited)",
				);
				GCC_WARN_64_TO_32_BIT_CONVERSION = YES;
				GCC_WARN_ABOUT_RETURN_TYPE = YES_ERROR;
				GCC_WARN_UNDECLARED_SELECTOR = YES;
				GCC_WARN_UNINITIALIZED_AUTOS = YES_AGGRESSIVE;
				GCC_WARN_UNUSED_FUNCTION = YES;
				GCC_WARN_UNUSED_VARIABLE = YES;
				IPHONEOS_DEPLOYMENT_TARGET = 11.4;
				MTL_ENABLE_DEBUG_INFO = YES;
				ONLY_ACTIVE_ARCH = YES;
				SDKROOT = iphoneos;
				SWIFT_ACTIVE_COMPILATION_CONDITIONS = DEBUG;
				SWIFT_OPTIMIZATION_LEVEL = "-Onone";
			};
			name = Debug;
		};
		423FF8D02101B83A00BE1B49 /* Release */ = {
			isa = XCBuildConfiguration;
			buildSettings = {
				ALWAYS_SEARCH_USER_PATHS = NO;
				CLANG_ANALYZER_NONNULL = YES;
				CLANG_ANALYZER_NUMBER_OBJECT_CONVERSION = YES_AGGRESSIVE;
				CLANG_CXX_LANGUAGE_STANDARD = "gnu++14";
				CLANG_CXX_LIBRARY = "libc++";
				CLANG_ENABLE_MODULES = YES;
				CLANG_ENABLE_OBJC_ARC = YES;
				CLANG_ENABLE_OBJC_WEAK = YES;
				CLANG_WARN_BLOCK_CAPTURE_AUTORELEASING = YES;
				CLANG_WARN_BOOL_CONVERSION = YES;
				CLANG_WARN_COMMA = YES;
				CLANG_WARN_CONSTANT_CONVERSION = YES;
				CLANG_WARN_DEPRECATED_OBJC_IMPLEMENTATIONS = YES;
				CLANG_WARN_DIRECT_OBJC_ISA_USAGE = YES_ERROR;
				CLANG_WARN_DOCUMENTATION_COMMENTS = YES;
				CLANG_WARN_EMPTY_BODY = YES;
				CLANG_WARN_ENUM_CONVERSION = YES;
				CLANG_WARN_INFINITE_RECURSION = YES;
				CLANG_WARN_INT_CONVERSION = YES;
				CLANG_WARN_NON_LITERAL_NULL_CONVERSION = YES;
				CLANG_WARN_OBJC_IMPLICIT_RETAIN_SELF = YES;
				CLANG_WARN_OBJC_LITERAL_CONVERSION = YES;
				CLANG_WARN_OBJC_ROOT_CLASS = YES_ERROR;
				CLANG_WARN_RANGE_LOOP_ANALYSIS = YES;
				CLANG_WARN_STRICT_PROTOTYPES = YES;
				CLANG_WARN_SUSPICIOUS_MOVE = YES;
				CLANG_WARN_UNGUARDED_AVAILABILITY = YES_AGGRESSIVE;
				CLANG_WARN_UNREACHABLE_CODE = YES;
				CLANG_WARN__DUPLICATE_METHOD_MATCH = YES;
				CODE_SIGN_IDENTITY = "iPhone Developer";
				COPY_PHASE_STRIP = NO;
				DEBUG_INFORMATION_FORMAT = "dwarf-with-dsym";
				ENABLE_NS_ASSERTIONS = NO;
				ENABLE_STRICT_OBJC_MSGSEND = YES;
				GCC_C_LANGUAGE_STANDARD = gnu11;
				GCC_NO_COMMON_BLOCKS = YES;
				GCC_WARN_64_TO_32_BIT_CONVERSION = YES;
				GCC_WARN_ABOUT_RETURN_TYPE = YES_ERROR;
				GCC_WARN_UNDECLARED_SELECTOR = YES;
				GCC_WARN_UNINITIALIZED_AUTOS = YES_AGGRESSIVE;
				GCC_WARN_UNUSED_FUNCTION = YES;
				GCC_WARN_UNUSED_VARIABLE = YES;
				IPHONEOS_DEPLOYMENT_TARGET = 11.4;
				MTL_ENABLE_DEBUG_INFO = NO;
				SDKROOT = iphoneos;
				SWIFT_COMPILATION_MODE = wholemodule;
				SWIFT_OPTIMIZATION_LEVEL = "-O";
				VALIDATE_PRODUCT = YES;
			};
			name = Release;
		};
		423FF8D22101B83A00BE1B49 /* Debug */ = {
			isa = XCBuildConfiguration;
			buildSettings = {
				ASSETCATALOG_COMPILER_APPICON_NAME = AppIcon;
				CODE_SIGN_STYLE = Automatic;
				DEVELOPMENT_TEAM = 5NBUV2UMN5;
				INFOPLIST_FILE = demotableview2/Info.plist;
				LD_RUNPATH_SEARCH_PATHS = (
					"$(inherited)",
					"@executable_path/Frameworks",
				);
				PRODUCT_BUNDLE_IDENTIFIER = exam.demotableview2;
				PRODUCT_NAME = "$(TARGET_NAME)";
				SWIFT_VERSION = 4.0;
				TARGETED_DEVICE_FAMILY = "1,2";
			};
			name = Debug;
		};
		423FF8D32101B83A00BE1B49 /* Release */ = {
			isa = XCBuildConfiguration;
			buildSettings = {
				ASSETCATALOG_COMPILER_APPICON_NAME = AppIcon;
				CODE_SIGN_STYLE = Automatic;
				DEVELOPMENT_TEAM = 5NBUV2UMN5;
				INFOPLIST_FILE = demotableview2/Info.plist;
				LD_RUNPATH_SEARCH_PATHS = (
					"$(inherited)",
					"@executable_path/Frameworks",
				);
				PRODUCT_BUNDLE_IDENTIFIER = exam.demotableview2;
				PRODUCT_NAME = "$(TARGET_NAME)";
				SWIFT_VERSION = 4.0;
				TARGETED_DEVICE_FAMILY = "1,2";
			};
			name = Release;
		};
/* End XCBuildConfiguration section */

/* Begin XCConfigurationList section */
		423FF8BA2101B83900BE1B49 /* Build configuration list for PBXProject "demotableview2" */ = {
			isa = XCConfigurationList;
			buildConfigurations = (
				423FF8CF2101B83A00BE1B49 /* Debug */,
				423FF8D02101B83A00BE1B49 /* Release */,
			);
			defaultConfigurationIsVisible = 0;
			defaultConfigurationName = Release;
		};
		423FF8D12101B83A00BE1B49 /* Build configuration list for PBXNativeTarget "demotableview2" */ = {
			isa = XCConfigurationList;
			buildConfigurations = (
				423FF8D22101B83A00BE1B49 /* Debug */,
				423FF8D32101B83A00BE1B49 /* Release */,
			);
			defaultConfigurationIsVisible = 0;
			defaultConfigurationName = Release;
		};
/* End XCConfigurationList section */
	};
	rootObject = 423FF8B72101B83900BE1B49 /* Project object */;
}
